
Microsoft Visual Studio Solution File, Format Version 12.00
# Visual Studio Version 17
VisualStudioVersion = 17.8.34309.116
MinimumVisualStudioVersion = 10.0.40219.1
Project("{9A19103F-16F7-4668-BE54-9A1E7A4F7556}") = "Task2", "Task2.csproj", "{5CDAB9F9-A9CA-4751-B967-F9C00EBC337C}"
EndProject
Project("{FAE04EC0-301F-11D3-BF4B-00C04F79EFBC}") = "Task2.Tests", "..\Task2.Tests\Task2.Tests.csproj", "{E0A02CCA-4CE9-4570-8314-398563ACDD4E}"
EndProject
Global
	GlobalSection(SolutionConfigurationPlatforms) = preSolution
		Debug|Any CPU = Debug|Any CPU
		Release|Any CPU = Release|Any CPU
	EndGlobalSection
	GlobalSection(ProjectConfigurationPlatforms) = postSolution
		{5CDAB9F9-A9CA-4751-B967-F9C00EBC337C}.Debug|Any CPU.ActiveCfg = Debug|Any CPU
		{5CDAB9F9-A9CA-4751-B967-F9C00EBC337C}.Debug|Any CPU.Build.0 = Debug|Any CPU
		{5CDAB9F9-A9CA-4751-B967-F9C00EBC337C}.Release|Any CPU.ActiveCfg = Release|Any CPU
		{5CDAB9F9-A9CA-4751-B967-F9C00EBC337C}.Release|Any CPU.Build.0 = Release|Any CPU
		{E0A02CCA-4CE9-4570-8314-398563ACDD4E}.Debug|Any CPU.ActiveCfg = Debug|Any CPU
		{E0A02CCA-4CE9-4570-8314-398563ACDD4E}.Debug|Any CPU.Build.0 = Debug|Any CPU
		{E0A02CCA-4CE9-4570-8314-398563ACDD4E}.Release|Any CPU.ActiveCfg = Release|Any CPU
		{E0A02CCA-4CE9-4570-8314-398563ACDD4E}.Release|Any CPU.Build.0 = Release|Any CPU
	EndGlobalSection
	GlobalSection(SolutionProperties) = preSolution
		HideSolutionNode = FALSE
	EndGlobalSection
	GlobalSection(ExtensibilityGlobals) = postSolution
		SolutionGuid = {886BF0F7-36A0-4CB1-BF26-5DE52A25860F}
	EndGlobalSection
EndGlobal
